
Microsoft Visual Studio Solution File, Format Version 12.00
# Visual Studio 15
VisualStudioVersion = 15.0.28307.1525
MinimumVisualStudioVersion = 10.0.40219.1
Project("{FAE04EC0-301F-11D3-BF4B-00C04F79EFBC}") = "VW_Day05", "VW_Day05\VW_Day05.csproj", "{D22F7729-3385-4BCC-985E-7425A4228147}"
EndProject
Global
	GlobalSection(SolutionConfigurationPlatforms) = preSolution
		Debug|Any CPU = Debug|Any CPU
		Release|Any CPU = Release|Any CPU
	EndGlobalSection
	GlobalSection(ProjectConfigurationPlatforms) = postSolution
		{D22F7729-3385-4BCC-985E-7425A4228147}.Debug|Any CPU.ActiveCfg = Debug|Any CPU
		{D22F7729-3385-4BCC-985E-7425A4228147}.Debug|Any CPU.Build.0 = Debug|Any CPU
		{D22F7729-3385-4BCC-985E-7425A4228147}.Release|Any CPU.ActiveCfg = Release|Any CPU
		{D22F7729-3385-4BCC-985E-7425A4228147}.Release|Any CPU.Build.0 = Release|Any CPU
	EndGlobalSection
	GlobalSection(SolutionProperties) = preSolution
		HideSolutionNode = FALSE
	EndGlobalSection
	GlobalSection(ExtensibilityGlobals) = postSolution
		SolutionGuid = {F6DB5418-BBCE-4BD6-9ACC-A588EE24C54F}
	EndGlobalSection
EndGlobal
